// !$*UTF8*$!
{
	archiveVersion = 1;
	classes = {
	};
	objectVersion = 46;
	objects = {

/* Begin PBXBuildFile section */
		555039E4153C59ED0038C33A /* Property_List.plist in Resources */ = {isa = PBXBuildFile; fileRef = 555039E2153C59ED0038C33A /* Property_List.plist */; };
		555039E6153C5A4C0038C33A /* Applist.plist in Resources */ = {isa = PBXBuildFile; fileRef = 555039E5153C5A4C0038C33A /* Applist.plist */; };
		556D79571536B8C5005E6E90 /* UIKit.framework in Frameworks */ = {isa = PBXBuildFile; fileRef = 556D79561536B8C5005E6E90 /* UIKit.framework */; };
		556D79591536B8C5005E6E90 /* Foundation.framework in Frameworks */ = {isa = PBXBuildFile; fileRef = 556D79581536B8C5005E6E90 /* Foundation.framework */; };
		556D795B1536B8C5005E6E90 /* CoreGraphics.framework in Frameworks */ = {isa = PBXBuildFile; fileRef = 556D795A1536B8C5005E6E90 /* CoreGraphics.framework */; };
		556D79611536B8C5005E6E90 /* InfoPlist.strings in Resources */ = {isa = PBXBuildFile; fileRef = 556D795F1536B8C5005E6E90 /* InfoPlist.strings */; };
		556D79631536B8C5005E6E90 /* main.m in Sources */ = {isa = PBXBuildFile; fileRef = 556D79621536B8C5005E6E90 /* main.m */; };
		556D79671536B8C5005E6E90 /* AppDelegate.m in Sources */ = {isa = PBXBuildFile; fileRef = 556D79661536B8C5005E6E90 /* AppDelegate.m */; };
		556D796A1536B8C5005E6E90 /* MasterViewController.m in Sources */ = {isa = PBXBuildFile; fileRef = 556D79691536B8C5005E6E90 /* MasterViewController.m */; };
		556D796D1536B8C5005E6E90 /* DetailViewController.m in Sources */ = {isa = PBXBuildFile; fileRef = 556D796C1536B8C5005E6E90 /* DetailViewController.m */; };
		556D79701536B8C5005E6E90 /* MasterViewController.xib in Resources */ = {isa = PBXBuildFile; fileRef = 556D796E1536B8C5005E6E90 /* MasterViewController.xib */; };
		556D79731536B8C5005E6E90 /* DetailViewController.xib in Resources */ = {isa = PBXBuildFile; fileRef = 556D79711536B8C5005E6E90 /* DetailViewController.xib */; };
		556DF3A415403B0F00720C80 /* ImageCache.m in Sources */ = {isa = PBXBuildFile; fileRef = 556DF3A315403B0F00720C80 /* ImageCache.m */; };
		556DF3AC1540471D00720C80 /* ImageFetcher.m in Sources */ = {isa = PBXBuildFile; fileRef = 556DF3AB1540471D00720C80 /* ImageFetcher.m */; };
		558AF349153834CC0030EB9A /* LazyImageLoader.m in Sources */ = {isa = PBXBuildFile; fileRef = 558AF348153834CC0030EB9A /* LazyImageLoader.m */; };
		558AF359153862CE0030EB9A /* Icon-72.png in Resources */ = {isa = PBXBuildFile; fileRef = 558AF353153862CD0030EB9A /* Icon-72.png */; };
		558AF35A153862CE0030EB9A /* Icon-Small-50.png in Resources */ = {isa = PBXBuildFile; fileRef = 558AF354153862CD0030EB9A /* Icon-Small-50.png */; };
		558AF35B153862CE0030EB9A /* Icon-Small.png in Resources */ = {isa = PBXBuildFile; fileRef = 558AF355153862CD0030EB9A /* Icon-Small.png */; };
		558AF35C153862CE0030EB9A /* Icon-Small@2x.png in Resources */ = {isa = PBXBuildFile; fileRef = 558AF356153862CD0030EB9A /* Icon-Small@2x.png */; };
		558AF35D153862CE0030EB9A /* Icon.png in Resources */ = {isa = PBXBuildFile; fileRef = 558AF357153862CD0030EB9A /* Icon.png */; };
		558AF35E153862CE0030EB9A /* Icon@2x.png in Resources */ = {isa = PBXBuildFile; fileRef = 558AF358153862CD0030EB9A /* Icon@2x.png */; };
		55C5562415413A8C00D2A7F2 /* QuartzCore.framework in Frameworks */ = {isa = PBXBuildFile; fileRef = 55C5562315413A8C00D2A7F2 /* QuartzCore.framework */; };
		55F1CB8815382C43009FDA53 /* arrowdown.png in Resources */ = {isa = PBXBuildFile; fileRef = 55F1CB8015382C43009FDA53 /* arrowdown.png */; };
		55F1CB8915382C43009FDA53 /* arrowdown@2x.png in Resources */ = {isa = PBXBuildFile; fileRef = 55F1CB8115382C43009FDA53 /* arrowdown@2x.png */; };
		55F1CB8A15382C43009FDA53 /* arrowleft.png in Resources */ = {isa = PBXBuildFile; fileRef = 55F1CB8215382C43009FDA53 /* arrowleft.png */; };
		55F1CB8B15382C43009FDA53 /* arrowleft@2x.png in Resources */ = {isa = PBXBuildFile; fileRef = 55F1CB8315382C43009FDA53 /* arrowleft@2x.png */; };
		55F1CB8C15382C43009FDA53 /* arrowright.png in Resources */ = {isa = PBXBuildFile; fileRef = 55F1CB8415382C43009FDA53 /* arrowright.png */; };
		55F1CB8D15382C43009FDA53 /* arrowright@2x.png in Resources */ = {isa = PBXBuildFile; fileRef = 55F1CB8515382C43009FDA53 /* arrowright@2x.png */; };
		55F1CB8E15382C43009FDA53 /* arrowup.png in Resources */ = {isa = PBXBuildFile; fileRef = 55F1CB8615382C43009FDA53 /* arrowup.png */; };
		55F1CB8F15382C43009FDA53 /* arrowup@2x.png in Resources */ = {isa = PBXBuildFile; fileRef = 55F1CB8715382C43009FDA53 /* arrowup@2x.png */; };
		DA2C5AE8153B4BBF00D63C4D /* AppInfo.m in Sources */ = {isa = PBXBuildFile; fileRef = DA2C5AE7153B4BBF00D63C4D /* AppInfo.m */; };
		DA2C5AEB153B4BEA00D63C4D /* AppInfo.xib in Resources */ = {isa = PBXBuildFile; fileRef = DA2C5AEA153B4BEA00D63C4D /* AppInfo.xib */; };
/* End PBXBuildFile section */

/* Begin PBXFileReference section */
		555039E2153C59ED0038C33A /* Property_List.plist */ = {isa = PBXFileReference; fileEncoding = 4; lastKnownFileType = text.plist.xml; path = Property_List.plist; sourceTree = "<group>"; };
		555039E5153C5A4C0038C33A /* Applist.plist */ = {isa = PBXFileReference; fileEncoding = 4; lastKnownFileType = text.plist.xml; path = Applist.plist; sourceTree = "<group>"; };
		556D79521536B8C5005E6E90 /* CrossMarketingApp.app */ = {isa = PBXFileReference; explicitFileType = wrapper.application; includeInIndex = 0; path = CrossMarketingApp.app; sourceTree = BUILT_PRODUCTS_DIR; };
		556D79561536B8C5005E6E90 /* UIKit.framework */ = {isa = PBXFileReference; lastKnownFileType = wrapper.framework; name = UIKit.framework; path = System/Library/Frameworks/UIKit.framework; sourceTree = SDKROOT; };
		556D79581536B8C5005E6E90 /* Foundation.framework */ = {isa = PBXFileReference; lastKnownFileType = wrapper.framework; name = Foundation.framework; path = System/Library/Frameworks/Foundation.framework; sourceTree = SDKROOT; };
		556D795A1536B8C5005E6E90 /* CoreGraphics.framework */ = {isa = PBXFileReference; lastKnownFileType = wrapper.framework; name = CoreGraphics.framework; path = System/Library/Frameworks/CoreGraphics.framework; sourceTree = SDKROOT; };
		556D795E1536B8C5005E6E90 /* CrossMarketingApp-Info.plist */ = {isa = PBXFileReference; lastKnownFileType = text.plist.xml; path = "CrossMarketingApp-Info.plist"; sourceTree = "<group>"; };
		556D79601536B8C5005E6E90 /* en */ = {isa = PBXFileReference; lastKnownFileType = text.plist.strings; name = en; path = en.lproj/InfoPlist.strings; sourceTree = "<group>"; };
		556D79621536B8C5005E6E90 /* main.m */ = {isa = PBXFileReference; lastKnownFileType = sourcecode.c.objc; path = main.m; sourceTree = "<group>"; };
		556D79641536B8C5005E6E90 /* CrossMarketingApp-Prefix.pch */ = {isa = PBXFileReference; lastKnownFileType = sourcecode.c.h; path = "CrossMarketingApp-Prefix.pch"; sourceTree = "<group>"; };
		556D79651536B8C5005E6E90 /* AppDelegate.h */ = {isa = PBXFileReference; lastKnownFileType = sourcecode.c.h; path = AppDelegate.h; sourceTree = "<group>"; };
		556D79661536B8C5005E6E90 /* AppDelegate.m */ = {isa = PBXFileReference; lastKnownFileType = sourcecode.c.objc; path = AppDelegate.m; sourceTree = "<group>"; };
		556D79681536B8C5005E6E90 /* MasterViewController.h */ = {isa = PBXFileReference; lastKnownFileType = sourcecode.c.h; path = MasterViewController.h; sourceTree = "<group>"; };
		556D79691536B8C5005E6E90 /* MasterViewController.m */ = {isa = PBXFileReference; lastKnownFileType = sourcecode.c.objc; path = MasterViewController.m; sourceTree = "<group>"; };
		556D796B1536B8C5005E6E90 /* DetailViewController.h */ = {isa = PBXFileReference; lastKnownFileType = sourcecode.c.h; path = DetailViewController.h; sourceTree = "<group>"; };
		556D796C1536B8C5005E6E90 /* DetailViewController.m */ = {isa = PBXFileReference; lastKnownFileType = sourcecode.c.objc; path = DetailViewController.m; sourceTree = "<group>"; };
		556D796F1536B8C5005E6E90 /* en */ = {isa = PBXFileReference; lastKnownFileType = file.xib; name = en; path = en.lproj/MasterViewController.xib; sourceTree = "<group>"; };
		556D79721536B8C5005E6E90 /* en */ = {isa = PBXFileReference; lastKnownFileType = file.xib; name = en; path = en.lproj/DetailViewController.xib; sourceTree = "<group>"; };
		556DF3A215403B0F00720C80 /* ImageCache.h */ = {isa = PBXFileReference; fileEncoding = 4; lastKnownFileType = sourcecode.c.h; path = ImageCache.h; sourceTree = "<group>"; };
		556DF3A315403B0F00720C80 /* ImageCache.m */ = {isa = PBXFileReference; fileEncoding = 4; lastKnownFileType = sourcecode.c.objc; path = ImageCache.m; sourceTree = "<group>"; };
		556DF3AA1540471D00720C80 /* ImageFetcher.h */ = {isa = PBXFileReference; fileEncoding = 4; lastKnownFileType = sourcecode.c.h; path = ImageFetcher.h; sourceTree = "<group>"; };
		556DF3AB1540471D00720C80 /* ImageFetcher.m */ = {isa = PBXFileReference; fileEncoding = 4; lastKnownFileType = sourcecode.c.objc; path = ImageFetcher.m; sourceTree = "<group>"; };
		556DF3AD154048EA00720C80 /* ImageFetcherDelegate.h */ = {isa = PBXFileReference; fileEncoding = 4; lastKnownFileType = sourcecode.c.h; path = ImageFetcherDelegate.h; sourceTree = "<group>"; };
		558AF347153834CC0030EB9A /* LazyImageLoader.h */ = {isa = PBXFileReference; fileEncoding = 4; lastKnownFileType = sourcecode.c.h; path = LazyImageLoader.h; sourceTree = "<group>"; };
		558AF348153834CC0030EB9A /* LazyImageLoader.m */ = {isa = PBXFileReference; fileEncoding = 4; lastKnownFileType = sourcecode.c.objc; path = LazyImageLoader.m; sourceTree = "<group>"; };
		558AF353153862CD0030EB9A /* Icon-72.png */ = {isa = PBXFileReference; lastKnownFileType = image.png; path = "Icon-72.png"; sourceTree = "<group>"; };
		558AF354153862CD0030EB9A /* Icon-Small-50.png */ = {isa = PBXFileReference; lastKnownFileType = image.png; path = "Icon-Small-50.png"; sourceTree = "<group>"; };
		558AF355153862CD0030EB9A /* Icon-Small.png */ = {isa = PBXFileReference; lastKnownFileType = image.png; path = "Icon-Small.png"; sourceTree = "<group>"; };
		558AF356153862CD0030EB9A /* Icon-Small@2x.png */ = {isa = PBXFileReference; lastKnownFileType = image.png; path = "Icon-Small@2x.png"; sourceTree = "<group>"; };
		558AF357153862CD0030EB9A /* Icon.png */ = {isa = PBXFileReference; lastKnownFileType = image.png; path = Icon.png; sourceTree = "<group>"; };
		558AF358153862CD0030EB9A /* Icon@2x.png */ = {isa = PBXFileReference; lastKnownFileType = image.png; path = "Icon@2x.png"; sourceTree = "<group>"; };
		55C5562315413A8C00D2A7F2 /* QuartzCore.framework */ = {isa = PBXFileReference; lastKnownFileType = wrapper.framework; name = QuartzCore.framework; path = System/Library/Frameworks/QuartzCore.framework; sourceTree = SDKROOT; };
		55F1CB8015382C43009FDA53 /* arrowdown.png */ = {isa = PBXFileReference; lastKnownFileType = image.png; path = arrowdown.png; sourceTree = "<group>"; };
		55F1CB8115382C43009FDA53 /* arrowdown@2x.png */ = {isa = PBXFileReference; lastKnownFileType = image.png; path = "arrowdown@2x.png"; sourceTree = "<group>"; };
		55F1CB8215382C43009FDA53 /* arrowleft.png */ = {isa = PBXFileReference; lastKnownFileType = image.png; path = arrowleft.png; sourceTree = "<group>"; };
		55F1CB8315382C43009FDA53 /* arrowleft@2x.png */ = {isa = PBXFileReference; lastKnownFileType = image.png; path = "arrowleft@2x.png"; sourceTree = "<group>"; };
		55F1CB8415382C43009FDA53 /* arrowright.png */ = {isa = PBXFileReference; lastKnownFileType = image.png; path = arrowright.png; sourceTree = "<group>"; };
		55F1CB8515382C43009FDA53 /* arrowright@2x.png */ = {isa = PBXFileReference; lastKnownFileType = image.png; path = "arrowright@2x.png"; sourceTree = "<group>"; };
		55F1CB8615382C43009FDA53 /* arrowup.png */ = {isa = PBXFileReference; lastKnownFileType = image.png; path = arrowup.png; sourceTree = "<group>"; };
		55F1CB8715382C43009FDA53 /* arrowup@2x.png */ = {isa = PBXFileReference; lastKnownFileType = image.png; path = "arrowup@2x.png"; sourceTree = "<group>"; };
		DA2C5AE6153B4BBF00D63C4D /* AppInfo.h */ = {isa = PBXFileReference; fileEncoding = 4; lastKnownFileType = sourcecode.c.h; path = AppInfo.h; sourceTree = "<group>"; };
		DA2C5AE7153B4BBF00D63C4D /* AppInfo.m */ = {isa = PBXFileReference; fileEncoding = 4; lastKnownFileType = sourcecode.c.objc; path = AppInfo.m; sourceTree = "<group>"; };
		DA2C5AEA153B4BEA00D63C4D /* AppInfo.xib */ = {isa = PBXFileReference; fileEncoding = 4; lastKnownFileType = file.xib; path = AppInfo.xib; sourceTree = "<group>"; };
/* End PBXFileReference section */

/* Begin PBXFrameworksBuildPhase section */
		556D794F1536B8C5005E6E90 /* Frameworks */ = {
			isa = PBXFrameworksBuildPhase;
			buildActionMask = 2147483647;
			files = (
				55C5562415413A8C00D2A7F2 /* QuartzCore.framework in Frameworks */,
				556D79571536B8C5005E6E90 /* UIKit.framework in Frameworks */,
				556D79591536B8C5005E6E90 /* Foundation.framework in Frameworks */,
				556D795B1536B8C5005E6E90 /* CoreGraphics.framework in Frameworks */,
			);
			runOnlyForDeploymentPostprocessing = 0;
		};
/* End PBXFrameworksBuildPhase section */

/* Begin PBXGroup section */
		556D79471536B8C5005E6E90 = {
			isa = PBXGroup;
			children = (
				55C5562315413A8C00D2A7F2 /* QuartzCore.framework */,
				556D795C1536B8C5005E6E90 /* CrossMarketingApp */,
				556D79551536B8C5005E6E90 /* Frameworks */,
				556D79531536B8C5005E6E90 /* Products */,
			);
			sourceTree = "<group>";
		};
		556D79531536B8C5005E6E90 /* Products */ = {
			isa = PBXGroup;
			children = (
				556D79521536B8C5005E6E90 /* CrossMarketingApp.app */,
			);
			name = Products;
			sourceTree = "<group>";
		};
		556D79551536B8C5005E6E90 /* Frameworks */ = {
			isa = PBXGroup;
			children = (
				556D79561536B8C5005E6E90 /* UIKit.framework */,
				556D79581536B8C5005E6E90 /* Foundation.framework */,
				556D795A1536B8C5005E6E90 /* CoreGraphics.framework */,
			);
			name = Frameworks;
			sourceTree = "<group>";
		};
		556D795C1536B8C5005E6E90 /* CrossMarketingApp */ = {
			isa = PBXGroup;
			children = (
				55F1CB7F15382C43009FDA53 /* Resources */,
				556D79651536B8C5005E6E90 /* AppDelegate.h */,
				556D79661536B8C5005E6E90 /* AppDelegate.m */,
				556D79681536B8C5005E6E90 /* MasterViewController.h */,
				556D79691536B8C5005E6E90 /* MasterViewController.m */,
				556D796B1536B8C5005E6E90 /* DetailViewController.h */,
				556D796C1536B8C5005E6E90 /* DetailViewController.m */,
				556D796E1536B8C5005E6E90 /* MasterViewController.xib */,
				556D79711536B8C5005E6E90 /* DetailViewController.xib */,
				556D795D1536B8C5005E6E90 /* Supporting Files */,
				558AF347153834CC0030EB9A /* LazyImageLoader.h */,
				558AF348153834CC0030EB9A /* LazyImageLoader.m */,
				DA2C5AE6153B4BBF00D63C4D /* AppInfo.h */,
				DA2C5AE7153B4BBF00D63C4D /* AppInfo.m */,
				DA2C5AEA153B4BEA00D63C4D /* AppInfo.xib */,
				556DF3A215403B0F00720C80 /* ImageCache.h */,
				556DF3A315403B0F00720C80 /* ImageCache.m */,
				556DF3AA1540471D00720C80 /* ImageFetcher.h */,
				556DF3AB1540471D00720C80 /* ImageFetcher.m */,
				556DF3AD154048EA00720C80 /* ImageFetcherDelegate.h */,
			);
			path = CrossMarketingApp;
			sourceTree = "<group>";
		};
		556D795D1536B8C5005E6E90 /* Supporting Files */ = {
			isa = PBXGroup;
			children = (
				556D795E1536B8C5005E6E90 /* CrossMarketingApp-Info.plist */,
				556D795F1536B8C5005E6E90 /* InfoPlist.strings */,
				556D79621536B8C5005E6E90 /* main.m */,
				556D79641536B8C5005E6E90 /* CrossMarketingApp-Prefix.pch */,
			);
			name = "Supporting Files";
			sourceTree = "<group>";
		};
		55F1CB7F15382C43009FDA53 /* Resources */ = {
			isa = PBXGroup;
			children = (
				555039E5153C5A4C0038C33A /* Applist.plist */,
				555039E2153C59ED0038C33A /* Property_List.plist */,
				558AF353153862CD0030EB9A /* Icon-72.png */,
				558AF354153862CD0030EB9A /* Icon-Small-50.png */,
				558AF355153862CD0030EB9A /* Icon-Small.png */,
				558AF356153862CD0030EB9A /* Icon-Small@2x.png */,
				558AF357153862CD0030EB9A /* Icon.png */,
				558AF358153862CD0030EB9A /* Icon@2x.png */,
				55F1CB8015382C43009FDA53 /* arrowdown.png */,
				55F1CB8115382C43009FDA53 /* arrowdown@2x.png */,
				55F1CB8215382C43009FDA53 /* arrowleft.png */,
				55F1CB8315382C43009FDA53 /* arrowleft@2x.png */,
				55F1CB8415382C43009FDA53 /* arrowright.png */,
				55F1CB8515382C43009FDA53 /* arrowright@2x.png */,
				55F1CB8615382C43009FDA53 /* arrowup.png */,
				55F1CB8715382C43009FDA53 /* arrowup@2x.png */,
			);
			path = Resources;
			sourceTree = "<group>";
		};
/* End PBXGroup section */

/* Begin PBXNativeTarget section */
		556D79511536B8C5005E6E90 /* CrossMarketingApp */ = {
			isa = PBXNativeTarget;
			buildConfigurationList = 556D79761536B8C5005E6E90 /* Build configuration list for PBXNativeTarget "CrossMarketingApp" */;
			buildPhases = (
				556D794E1536B8C5005E6E90 /* Sources */,
				556D794F1536B8C5005E6E90 /* Frameworks */,
				556D79501536B8C5005E6E90 /* Resources */,
			);
			buildRules = (
			);
			dependencies = (
			);
			name = CrossMarketingApp;
			productName = CrossMarketingApp;
			productReference = 556D79521536B8C5005E6E90 /* CrossMarketingApp.app */;
			productType = "com.apple.product-type.application";
		};
/* End PBXNativeTarget section */

/* Begin PBXProject section */
		556D79491536B8C5005E6E90 /* Project object */ = {
			isa = PBXProject;
			attributes = {
				LastUpgradeCheck = 0420;
			};
			buildConfigurationList = 556D794C1536B8C5005E6E90 /* Build configuration list for PBXProject "CrossMarketingApp" */;
			compatibilityVersion = "Xcode 3.2";
			developmentRegion = English;
			hasScannedForEncodings = 0;
			knownRegions = (
				en,
			);
			mainGroup = 556D79471536B8C5005E6E90;
			productRefGroup = 556D79531536B8C5005E6E90 /* Products */;
			projectDirPath = "";
			projectRoot = "";
			targets = (
				556D79511536B8C5005E6E90 /* CrossMarketingApp */,
			);
		};
/* End PBXProject section */

/* Begin PBXResourcesBuildPhase section */
		556D79501536B8C5005E6E90 /* Resources */ = {
			isa = PBXResourcesBuildPhase;
			buildActionMask = 2147483647;
			files = (
				556D79611536B8C5005E6E90 /* InfoPlist.strings in Resources */,
				556D79701536B8C5005E6E90 /* MasterViewController.xib in Resources */,
				556D79731536B8C5005E6E90 /* DetailViewController.xib in Resources */,
				55F1CB8815382C43009FDA53 /* arrowdown.png in Resources */,
				55F1CB8915382C43009FDA53 /* arrowdown@2x.png in Resources */,
				55F1CB8A15382C43009FDA53 /* arrowleft.png in Resources */,
				55F1CB8B15382C43009FDA53 /* arrowleft@2x.png in Resources */,
				55F1CB8C15382C43009FDA53 /* arrowright.png in Resources */,
				55F1CB8D15382C43009FDA53 /* arrowright@2x.png in Resources */,
				55F1CB8E15382C43009FDA53 /* arrowup.png in Resources */,
				55F1CB8F15382C43009FDA53 /* arrowup@2x.png in Resources */,
				558AF359153862CE0030EB9A /* Icon-72.png in Resources */,
				558AF35A153862CE0030EB9A /* Icon-Small-50.png in Resources */,
				558AF35B153862CE0030EB9A /* Icon-Small.png in Resources */,
				558AF35C153862CE0030EB9A /* Icon-Small@2x.png in Resources */,
				558AF35D153862CE0030EB9A /* Icon.png in Resources */,
				558AF35E153862CE0030EB9A /* Icon@2x.png in Resources */,
				DA2C5AEB153B4BEA00D63C4D /* AppInfo.xib in Resources */,
				555039E4153C59ED0038C33A /* Property_List.plist in Resources */,
				555039E6153C5A4C0038C33A /* Applist.plist in Resources */,
			);
			runOnlyForDeploymentPostprocessing = 0;
		};
/* End PBXResourcesBuildPhase section */

/* Begin PBXSourcesBuildPhase section */
		556D794E1536B8C5005E6E90 /* Sources */ = {
			isa = PBXSourcesBuildPhase;
			buildActionMask = 2147483647;
			files = (
				556D79631536B8C5005E6E90 /* main.m in Sources */,
				556D79671536B8C5005E6E90 /* AppDelegate.m in Sources */,
				556D796A1536B8C5005E6E90 /* MasterViewController.m in Sources */,
				556D796D1536B8C5005E6E90 /* DetailViewController.m in Sources */,
				558AF349153834CC0030EB9A /* LazyImageLoader.m in Sources */,
				DA2C5AE8153B4BBF00D63C4D /* AppInfo.m in Sources */,
				556DF3A415403B0F00720C80 /* ImageCache.m in Sources */,
				556DF3AC1540471D00720C80 /* ImageFetcher.m in Sources */,
			);
			runOnlyForDeploymentPostprocessing = 0;
		};
/* End PBXSourcesBuildPhase section */

/* Begin PBXVariantGroup section */
		556D795F1536B8C5005E6E90 /* InfoPlist.strings */ = {
			isa = PBXVariantGroup;
			children = (
				556D79601536B8C5005E6E90 /* en */,
			);
			name = InfoPlist.strings;
			sourceTree = "<group>";
		};
		556D796E1536B8C5005E6E90 /* MasterViewController.xib */ = {
			isa = PBXVariantGroup;
			children = (
				556D796F1536B8C5005E6E90 /* en */,
			);
			name = MasterViewController.xib;
			sourceTree = "<group>";
		};
		556D79711536B8C5005E6E90 /* DetailViewController.xib */ = {
			isa = PBXVariantGroup;
			children = (
				556D79721536B8C5005E6E90 /* en */,
			);
			name = DetailViewController.xib;
			sourceTree = "<group>";
		};
/* End PBXVariantGroup section */

/* Begin XCBuildConfiguration section */
		556D79741536B8C5005E6E90 /* Debug */ = {
			isa = XCBuildConfiguration;
			buildSettings = {
				ALWAYS_SEARCH_USER_PATHS = NO;
				ARCHS = "$(ARCHS_STANDARD_32_BIT)";
				CODE_SIGN_IDENTITY = "iPhone Developer: Manish Malani (9JS9Y7VR2S)";
				"CODE_SIGN_IDENTITY[sdk=iphoneos*]" = "iPhone Developer: Manish Malani (9JS9Y7VR2S)";
				COPY_PHASE_STRIP = NO;
				GCC_C_LANGUAGE_STANDARD = gnu99;
				GCC_DYNAMIC_NO_PIC = NO;
				GCC_OPTIMIZATION_LEVEL = 0;
				GCC_PREPROCESSOR_DEFINITIONS = (
					"DEBUG=1",
					"$(inherited)",
				);
				GCC_SYMBOLS_PRIVATE_EXTERN = NO;
				GCC_VERSION = com.apple.compilers.llvm.clang.1_0;
				GCC_WARN_ABOUT_MISSING_PROTOTYPES = YES;
				GCC_WARN_ABOUT_RETURN_TYPE = YES;
				GCC_WARN_UNUSED_VARIABLE = YES;
				IPHONEOS_DEPLOYMENT_TARGET = 5.0;
				PROVISIONING_PROFILE = "E076CECF-86C4-42A6-9010-D6D20A36CA77";
				"PROVISIONING_PROFILE[sdk=iphoneos*]" = "E076CECF-86C4-42A6-9010-D6D20A36CA77";
				SDKROOT = iphoneos;
			};
			name = Debug;
		};
		556D79751536B8C5005E6E90 /* Release */ = {
			isa = XCBuildConfiguration;
			buildSettings = {
				ALWAYS_SEARCH_USER_PATHS = NO;
				ARCHS = "$(ARCHS_STANDARD_32_BIT)";
				CODE_SIGN_IDENTITY = "iPhone Developer: Manish Malani (9JS9Y7VR2S)";
				"CODE_SIGN_IDENTITY[sdk=iphoneos*]" = "iPhone Developer: Manish Malani (9JS9Y7VR2S)";
				COPY_PHASE_STRIP = YES;
				GCC_C_LANGUAGE_STANDARD = gnu99;
				GCC_VERSION = com.apple.compilers.llvm.clang.1_0;
				GCC_WARN_ABOUT_MISSING_PROTOTYPES = YES;
				GCC_WARN_ABOUT_RETURN_TYPE = YES;
				GCC_WARN_UNUSED_VARIABLE = YES;
				IPHONEOS_DEPLOYMENT_TARGET = 5.0;
				OTHER_CFLAGS = "-DNS_BLOCK_ASSERTIONS=1";
				PROVISIONING_PROFILE = "E076CECF-86C4-42A6-9010-D6D20A36CA77";
				"PROVISIONING_PROFILE[sdk=iphoneos*]" = "E076CECF-86C4-42A6-9010-D6D20A36CA77";
				SDKROOT = iphoneos;
				VALIDATE_PRODUCT = YES;
			};
			name = Release;
		};
		556D79771536B8C5005E6E90 /* Debug */ = {
			isa = XCBuildConfiguration;
			buildSettings = {
				CODE_SIGN_IDENTITY = "iPhone Developer: Manish Malani (9JS9Y7VR2S)";
				"CODE_SIGN_IDENTITY[sdk=iphoneos*]" = "iPhone Developer: Manish Malani (9JS9Y7VR2S)";
				GCC_PRECOMPILE_PREFIX_HEADER = YES;
				GCC_PREFIX_HEADER = "CrossMarketingApp/CrossMarketingApp-Prefix.pch";
				INFOPLIST_FILE = "CrossMarketingApp/CrossMarketingApp-Info.plist";
				PRODUCT_NAME = "$(TARGET_NAME)";
				PROVISIONING_PROFILE = "E076CECF-86C4-42A6-9010-D6D20A36CA77";
				"PROVISIONING_PROFILE[sdk=iphoneos*]" = "E076CECF-86C4-42A6-9010-D6D20A36CA77";
				WRAPPER_EXTENSION = app;
			};
			name = Debug;
		};
		556D79781536B8C5005E6E90 /* Release */ = {
			isa = XCBuildConfiguration;
			buildSettings = {
				CODE_SIGN_IDENTITY = "iPhone Developer: Manish Malani (9JS9Y7VR2S)";
				"CODE_SIGN_IDENTITY[sdk=iphoneos*]" = "iPhone Developer: Manish Malani (9JS9Y7VR2S)";
				GCC_PRECOMPILE_PREFIX_HEADER = YES;
				GCC_PREFIX_HEADER = "CrossMarketingApp/CrossMarketingApp-Prefix.pch";
				INFOPLIST_FILE = "CrossMarketingApp/CrossMarketingApp-Info.plist";
				PRODUCT_NAME = "$(TARGET_NAME)";
				PROVISIONING_PROFILE = "E076CECF-86C4-42A6-9010-D6D20A36CA77";
				"PROVISIONING_PROFILE[sdk=iphoneos*]" = "E076CECF-86C4-42A6-9010-D6D20A36CA77";
				WRAPPER_EXTENSION = app;
			};
			name = Release;
		};
/* End XCBuildConfiguration section */

/* Begin XCConfigurationList section */
		556D794C1536B8C5005E6E90 /* Build configuration list for PBXProject "CrossMarketingApp" */ = {
			isa = XCConfigurationList;
			buildConfigurations = (
				556D79741536B8C5005E6E90 /* Debug */,
				556D79751536B8C5005E6E90 /* Release */,
			);
			defaultConfigurationIsVisible = 0;
			defaultConfigurationName = Release;
		};
		556D79761536B8C5005E6E90 /* Build configuration list for PBXNativeTarget "CrossMarketingApp" */ = {
			isa = XCConfigurationList;
			buildConfigurations = (
				556D79771536B8C5005E6E90 /* Debug */,
				556D79781536B8C5005E6E90 /* Release */,
			);
			defaultConfigurationIsVisible = 0;
			defaultConfigurationName = Release;
		};
/* End XCConfigurationList section */
	};
	rootObject = 556D79491536B8C5005E6E90 /* Project object */;
}
